{
  "name": "KANPAN_FULL_STACK",
  "lockfileVersion": 3,
  "requires": true,
  "packages": {
    "": {
      "dependencies": {
        "@dnd-kit/react": "^0.1.18"
      }
    },
    "node_modules/@dnd-kit/abstract": {
      "version": "0.1.18",
      "resolved": "https://registry.npmjs.org/@dnd-kit/abstract/-/abstract-0.1.18.tgz",
      "integrity": "sha512-oe2i/Y8iprBZFVSLQ2graHusxO6rf3T9X1JclV9KZ5VKgon1lKr6Kv/Jm7GSz1OmmeHYy9yC1jeZJRr53PGTzQ==",
      "dependencies": {
        "@dnd-kit/geometry": "^0.1.18",
        "@dnd-kit/state": "^0.1.18",
        "tslib": "^2.6.2"
      }
    },
    "node_modules/@dnd-kit/collision": {
      "version": "0.1.18",
      "resolved": "https://registry.npmjs.org/@dnd-kit/collision/-/collision-0.1.18.tgz",
      "integrity": "sha512-xqc6yfzyP+nLupssKZy7VAkn8119k6J1gpmPJdzQAIjDwlnQuceUP5MZSFnZ4RztW9Gzky6lirMp/eMJnzaZ0g==",
      "dependencies": {
        "@dnd-kit/abstract": "^0.1.18",
        "@dnd-kit/geometry": "^0.1.18",
        "tslib": "^2.6.2"
      }
    },
    "node_modules/@dnd-kit/dom": {
      "version": "0.1.18",
      "resolved": "https://registry.npmjs.org/@dnd-kit/dom/-/dom-0.1.18.tgz",
      "integrity": "sha512-sG9j7Nm+DOz2XmdJXH9CLnoMKFSL7UPT46nh/C8gmTK2yCgP3JNL6WbKVD7rFzStsw0lfbCdudEPKCqNpfdcqQ==",
      "dependencies": {
        "@dnd-kit/abstract": "^0.1.18",
        "@dnd-kit/collision": "^0.1.18",
        "@dnd-kit/geometry": "^0.1.18",
        "@dnd-kit/state": "^0.1.18",
        "tslib": "^2.6.2"
      }
    },
    "node_modules/@dnd-kit/geometry": {
      "version": "0.1.18",
      "resolved": "https://registry.npmjs.org/@dnd-kit/geometry/-/geometry-0.1.18.tgz",
      "integrity": "sha512-il+RqQ/EJ/AWy/yvfLdHvnvhVonU7xV5DaazWAiRSUginjkFxkJkyAooy19ETSEGQJlWXAo1zvMVUaJfOdI7zg==",
      "dependencies": {
        "@dnd-kit/state": "^0.1.18",
        "tslib": "^2.6.2"
      }
    },
    "node_modules/@dnd-kit/react": {
      "version": "0.1.18",
      "resolved": "https://registry.npmjs.org/@dnd-kit/react/-/react-0.1.18.tgz",
      "integrity": "sha512-OCeCO9WbKnN4rVlEOEe9QWxSIFzP0m/fBFmVYfu2pDSb4pemRkfrvCsI/FH3jonuESYS8qYnN9vc8Vp3EiCWCA==",
      "dependencies": {
        "@dnd-kit/abstract": "^0.1.18",
        "@dnd-kit/dom": "^0.1.18",
        "@dnd-kit/state": "^0.1.18",
        "tslib": "^2.6.2"
      },
      "peerDependencies": {
        "react": "^18.0.0 || ^19.0.0",
        "react-dom": "^18.0.0 || ^19.0.0"
      }
    },
    "node_modules/@dnd-kit/state": {
      "version": "0.1.18",
      "resolved": "https://registry.npmjs.org/@dnd-kit/state/-/state-0.1.18.tgz",
      "integrity": "sha512-LRcu4pmSP5KLRN1FWY3tqpi6MaNZ39+CX7RUNM8yVla8umDRd78jlkKYbSyDHUYzYujUCFeQvOCTRD43RqRG3Q==",
      "dependencies": {
        "@preact/signals-core": "^1.8.0",
        "tslib": "^2.6.2"
      }
    },
    "node_modules/@preact/signals-core": {
      "version": "1.9.0",
      "resolved": "https://registry.npmjs.org/@preact/signals-core/-/signals-core-1.9.0.tgz",
      "integrity": "sha512-uUgFHJLWxb33rfCtb1g+1e3Rg7Jl5EALhGTHlQ5Y0w37OF+fdidYdYEE6crbpUOYDOjlmelIWf0ulXr1ggfUkg==",
      "funding": {
        "type": "opencollective",
        "url": "https://opencollective.com/preact"
      }
    },
    "node_modules/react": {
      "version": "19.1.0",
      "resolved": "https://registry.npmjs.org/react/-/react-19.1.0.tgz",
      "integrity": "sha512-FS+XFBNvn3GTAWq26joslQgWNoFu08F4kl0J4CgdNKADkdSGXQyTCnKteIAJy96Br6YbpEU1LSzV5dYtjMkMDg==",
      "peer": true,
      "engines": {
        "node": ">=0.10.0"
      }
    },
    "node_modules/react-dom": {
      "version": "19.1.0",
      "resolved": "https://registry.npmjs.org/react-dom/-/react-dom-19.1.0.tgz",
      "integrity": "sha512-Xs1hdnE+DyKgeHJeJznQmYMIBG3TKIHJJT95Q58nHLSrElKlGQqDTR2HQ9fx5CN/Gk6Vh/kupBTDLU11/nDk/g==",
      "peer": true,
      "dependencies": {
        "scheduler": "^0.26.0"
      },
      "peerDependencies": {
        "react": "^19.1.0"
      }
    },
    "node_modules/scheduler": {
      "version": "0.26.0",
      "resolved": "https://registry.npmjs.org/scheduler/-/scheduler-0.26.0.tgz",
      "integrity": "sha512-NlHwttCI/l5gCPR3D1nNXtWABUmBwvZpEQiD4IXSbIDq8BzLIK/7Ir5gTFSGZDUu37K5cMNp0hFtzO38sC7gWA==",
      "peer": true
    },
    "node_modules/tslib": {
      "version": "2.8.1",
      "resolved": "https://registry.npmjs.org/tslib/-/tslib-2.8.1.tgz",
      "integrity": "sha512-oJFu94HQb+KVduSUQL7wnpmqnfmLsOA/nAh6b6EH0wCEoK0/mPeXU6c3wKDV83MkOuHPRHtSXKKU99IBazS/2w=="
    }
  }
}
